// !$*UTF8*$!
{
	archiveVersion = 1;
	classes = {
	};
	objectVersion = 46;
	objects = {

/* Begin PBXBuildFile section */
		1B1961861E2781C50000E39C /* AppDelegate.swift in Sources */ = {isa = PBXBuildFile; fileRef = 1B1961851E2781C50000E39C /* AppDelegate.swift */; };
		1B1961881E2781C50000E39C /* ViewController.swift in Sources */ = {isa = PBXBuildFile; fileRef = 1B1961871E2781C50000E39C /* ViewController.swift */; };
		1B19618B1E2781C50000E39C /* Main.storyboard in Resources */ = {isa = PBXBuildFile; fileRef = 1B1961891E2781C50000E39C /* Main.storyboard */; };
		1B19618D1E2781C50000E39C /* Assets.xcassets in Resources */ = {isa = PBXBuildFile; fileRef = 1B19618C1E2781C50000E39C /* Assets.xcassets */; };
		1B1961901E2781C50000E39C /* LaunchScreen.storyboard in Resources */ = {isa = PBXBuildFile; fileRef = 1B19618E1E2781C50000E39C /* LaunchScreen.storyboard */; };
/* End PBXBuildFile section */

/* Begin PBXFileReference section */
		1B1961821E2781C50000E39C /* dynamicScrollView.app */ = {isa = PBXFileReference; explicitFileType = wrapper.application; includeInIndex = 0; path = dynamicScrollView.app; sourceTree = BUILT_PRODUCTS_DIR; };
		1B1961851E2781C50000E39C /* AppDelegate.swift */ = {isa = PBXFileReference; lastKnownFileType = sourcecode.swift; path = AppDelegate.swift; sourceTree = "<group>"; };
		1B1961871E2781C50000E39C /* ViewController.swift */ = {isa = PBXFileReference; lastKnownFileType = sourcecode.swift; path = ViewController.swift; sourceTree = "<group>"; };
		1B19618A1E2781C50000E39C /* Base */ = {isa = PBXFileReference; lastKnownFileType = file.storyboard; name = Base; path = Base.lproj/Main.storyboard; sourceTree = "<group>"; };
		1B19618C1E2781C50000E39C /* Assets.xcassets */ = {isa = PBXFileReference; lastKnownFileType = folder.assetcatalog; path = Assets.xcassets; sourceTree = "<group>"; };
		1B19618F1E2781C50000E39C /* Base */ = {isa = PBXFileReference; lastKnownFileType = file.storyboard; name = Base; path = Base.lproj/LaunchScreen.storyboard; sourceTree = "<group>"; };
		1B1961911E2781C50000E39C /* Info.plist */ = {isa = PBXFileReference; lastKnownFileType = text.plist.xml; path = Info.plist; sourceTree = "<group>"; };
/* End PBXFileReference section */

/* Begin PBXFrameworksBuildPhase section */
		1B19617F1E2781C50000E39C /* Frameworks */ = {
			isa = PBXFrameworksBuildPhase;
			buildActionMask = 2147483647;
			files = (
			);
			runOnlyForDeploymentPostprocessing = 0;
		};
/* End PBXFrameworksBuildPhase section */

/* Begin PBXGroup section */
		1B1961791E2781C50000E39C = {
			isa = PBXGroup;
			children = (
				1B1961841E2781C50000E39C /* dynamicScrollView */,
				1B1961831E2781C50000E39C /* Products */,
			);
			sourceTree = "<group>";
		};
		1B1961831E2781C50000E39C /* Products */ = {
			isa = PBXGroup;
			children = (
				1B1961821E2781C50000E39C /* dynamicScrollView.app */,
			);
			name = Products;
			sourceTree = "<group>";
		};
		1B1961841E2781C50000E39C /* dynamicScrollView */ = {
			isa = PBXGroup;
			children = (
				1B1961851E2781C50000E39C /* AppDelegate.swift */,
				1B1961871E2781C50000E39C /* ViewController.swift */,
				1B1961891E2781C50000E39C /* Main.storyboard */,
				1B19618C1E2781C50000E39C /* Assets.xcassets */,
				1B19618E1E2781C50000E39C /* LaunchScreen.storyboard */,
				1B1961911E2781C50000E39C /* Info.plist */,
			);
			path = dynamicScrollView;
			sourceTree = "<group>";
		};
/* End PBXGroup section */

/* Begin PBXNativeTarget section */
		1B1961811E2781C50000E39C /* dynamicScrollView */ = {
			isa = PBXNativeTarget;
			buildConfigurationList = 1B1961941E2781C50000E39C /* Build configuration list for PBXNativeTarget "dynamicScrollView" */;
			buildPhases = (
				1B19617E1E2781C50000E39C /* Sources */,
				1B19617F1E2781C50000E39C /* Frameworks */,
				1B1961801E2781C50000E39C /* Resources */,
			);
			buildRules = (
			);
			dependencies = (
			);
			name = dynamicScrollView;
			productName = dynamicScrollView;
			productReference = 1B1961821E2781C50000E39C /* dynamicScrollView.app */;
			productType = "com.apple.product-type.application";
		};
/* End PBXNativeTarget section */

/* Begin PBXProject section */
		1B19617A1E2781C50000E39C /* Project object */ = {
			isa = PBXProject;
			attributes = {
				LastSwiftUpdateCheck = 0820;
				LastUpgradeCheck = 0820;
				ORGANIZATIONNAME = chinaspx;
				TargetAttributes = {
					1B1961811E2781C50000E39C = {
						CreatedOnToolsVersion = 8.2;
						ProvisioningStyle = Automatic;
					};
				};
			};
			buildConfigurationList = 1B19617D1E2781C50000E39C /* Build configuration list for PBXProject "dynamicScrollView" */;
			compatibilityVersion = "Xcode 3.2";
			developmentRegion = English;
			hasScannedForEncodings = 0;
			knownRegions = (
				en,
				Base,
			);
			mainGroup = 1B1961791E2781C50000E39C;
			productRefGroup = 1B1961831E2781C50000E39C /* Products */;
			projectDirPath = "";
			projectRoot = "";
			targets = (
				1B1961811E2781C50000E39C /* dynamicScrollView */,
			);
		};
/* End PBXProject section */

/* Begin PBXResourcesBuildPhase section */
		1B1961801E2781C50000E39C /* Resources */ = {
			isa = PBXResourcesBuildPhase;
			buildActionMask = 2147483647;
			files = (
				1B1961901E2781C50000E39C /* LaunchScreen.storyboard in Resources */,
				1B19618D1E2781C50000E39C /* Assets.xcassets in Resources */,
				1B19618B1E2781C50000E39C /* Main.storyboard in Resources */,
			);
			runOnlyForDeploymentPostprocessing = 0;
		};
/* End PBXResourcesBuildPhase section */

/* Begin PBXSourcesBuildPhase section */
		1B19617E1E2781C50000E39C /* Sources */ = {
			isa = PBXSourcesBuildPhase;
			buildActionMask = 2147483647;
			files = (
				1B1961881E2781C50000E39C /* ViewController.swift in Sources */,
				1B1961861E2781C50000E39C /* AppDelegate.swift in Sources */,
			);
			runOnlyForDeploymentPostprocessing = 0;
		};
/* End PBXSourcesBuildPhase section */

/* Begin PBXVariantGroup section */
		1B1961891E2781C50000E39C /* Main.storyboard */ = {
			isa = PBXVariantGroup;
			children = (
				1B19618A1E2781C50000E39C /* Base */,
			);
			name = Main.storyboard;
			sourceTree = "<group>";
		};
		1B19618E1E2781C50000E39C /* LaunchScreen.storyboard */ = {
			isa = PBXVariantGroup;
			children = (
				1B19618F1E2781C50000E39C /* Base */,
			);
			name = LaunchScreen.storyboard;
			sourceTree = "<group>";
		};
/* End PBXVariantGroup section */

/* Begin XCBuildConfiguration section */
		1B1961921E2781C50000E39C /* Debug */ = {
			isa = XCBuildConfiguration;
			buildSettings = {
				ALWAYS_SEARCH_USER_PATHS = NO;
				CLANG_ANALYZER_NONNULL = YES;
				CLANG_CXX_LANGUAGE_STANDARD = "gnu++0x";
				CLANG_CXX_LIBRARY = "libc++";
				CLANG_ENABLE_MODULES = YES;
				CLANG_ENABLE_OBJC_ARC = YES;
				CLANG_WARN_BOOL_CONVERSION = YES;
				CLANG_WARN_CONSTANT_CONVERSION = YES;
				CLANG_WARN_DIRECT_OBJC_ISA_USAGE = YES_ERROR;
				CLANG_WARN_DOCUMENTATION_COMMENTS = YES;
				CLANG_WARN_EMPTY_BODY = YES;
				CLANG_WARN_ENUM_CONVERSION = YES;
				CLANG_WARN_INFINITE_RECURSION = YES;
				CLANG_WARN_INT_CONVERSION = YES;
				CLANG_WARN_OBJC_ROOT_CLASS = YES_ERROR;
				CLANG_WARN_SUSPICIOUS_MOVE = YES;
				CLANG_WARN_UNREACHABLE_CODE = YES;
				CLANG_WARN__DUPLICATE_METHOD_MATCH = YES;
				"CODE_SIGN_IDENTITY[sdk=iphoneos*]" = "iPhone Developer";
				COPY_PHASE_STRIP = NO;
				DEBUG_INFORMATION_FORMAT = dwarf;
				ENABLE_STRICT_OBJC_MSGSEND = YES;
				ENABLE_TESTABILITY = YES;
				GCC_C_LANGUAGE_STANDARD = gnu99;
				GCC_DYNAMIC_NO_PIC = NO;
				GCC_NO_COMMON_BLOCKS = YES;
				GCC_OPTIMIZATION_LEVEL = 0;
				GCC_PREPROCESSOR_DEFINITIONS = (
					"DEBUG=1",
					"$(inherited)",
				);
				GCC_WARN_64_TO_32_BIT_CONVERSION = YES;
				GCC_WARN_ABOUT_RETURN_TYPE = YES_ERROR;
				GCC_WARN_UNDECLARED_SELECTOR = YES;
				GCC_WARN_UNINITIALIZED_AUTOS = YES_AGGRESSIVE;
				GCC_WARN_UNUSED_FUNCTION = YES;
				GCC_WARN_UNUSED_VARIABLE = YES;
				IPHONEOS_DEPLOYMENT_TARGET = 10.2;
				MTL_ENABLE_DEBUG_INFO = YES;
				ONLY_ACTIVE_ARCH = YES;
				SDKROOT = iphoneos;
				SWIFT_ACTIVE_COMPILATION_CONDITIONS = DEBUG;
				SWIFT_OPTIMIZATION_LEVEL = "-Onone";
			};
			name = Debug;
		};
		1B1961931E2781C50000E39C /* Release */ = {
			isa = XCBuildConfiguration;
			buildSettings = {
				ALWAYS_SEARCH_USER_PATHS = NO;
				CLANG_ANALYZER_NONNULL = YES;
				CLANG_CXX_LANGUAGE_STANDARD = "gnu++0x";
				CLANG_CXX_LIBRARY = "libc++";
				CLANG_ENABLE_MODULES = YES;
				CLANG_ENABLE_OBJC_ARC = YES;
				CLANG_WARN_BOOL_CONVERSION = YES;
				CLANG_WARN_CONSTANT_CONVERSION = YES;
				CLANG_WARN_DIRECT_OBJC_ISA_USAGE = YES_ERROR;
				CLANG_WARN_DOCUMENTATION_COMMENTS = YES;
				CLANG_WARN_EMPTY_BODY = YES;
				CLANG_WARN_ENUM_CONVERSION = YES;
				CLANG_WARN_INFINITE_RECURSION = YES;
				CLANG_WARN_INT_CONVERSION = YES;
				CLANG_WARN_OBJC_ROOT_CLASS = YES_ERROR;
				CLANG_WARN_SUSPICIOUS_MOVE = YES;
				CLANG_WARN_UNREACHABLE_CODE = YES;
				CLANG_WARN__DUPLICATE_METHOD_MATCH = YES;
				"CODE_SIGN_IDENTITY[sdk=iphoneos*]" = "iPhone Developer";
				COPY_PHASE_STRIP = NO;
				DEBUG_INFORMATION_FORMAT = "dwarf-with-dsym";
				ENABLE_NS_ASSERTIONS = NO;
				ENABLE_STRICT_OBJC_MSGSEND = YES;
				GCC_C_LANGUAGE_STANDARD = gnu99;
				GCC_NO_COMMON_BLOCKS = YES;
				GCC_WARN_64_TO_32_BIT_CONVERSION = YES;
				GCC_WARN_ABOUT_RETURN_TYPE = YES_ERROR;
				GCC_WARN_UNDECLARED_SELECTOR = YES;
				GCC_WARN_UNINITIALIZED_AUTOS = YES_AGGRESSIVE;
				GCC_WARN_UNUSED_FUNCTION = YES;
				GCC_WARN_UNUSED_VARIABLE = YES;
				IPHONEOS_DEPLOYMENT_TARGET = 10.2;
				MTL_ENABLE_DEBUG_INFO = NO;
				SDKROOT = iphoneos;
				SWIFT_OPTIMIZATION_LEVEL = "-Owholemodule";
				VALIDATE_PRODUCT = YES;
			};
			name = Release;
		};
		1B1961951E2781C50000E39C /* Debug */ = {
			isa = XCBuildConfiguration;
			buildSettings = {
				ASSETCATALOG_COMPILER_APPICON_NAME = AppIcon;
				INFOPLIST_FILE = dynamicScrollView/Info.plist;
				LD_RUNPATH_SEARCH_PATHS = "$(inherited) @executable_path/Frameworks";
				PRODUCT_BUNDLE_IDENTIFIER = com.test.dynamicScrollView;
				PRODUCT_NAME = "$(TARGET_NAME)";
				SWIFT_VERSION = 3.0;
			};
			name = Debug;
		};
		1B1961961E2781C50000E39C /* Release */ = {
			isa = XCBuildConfiguration;
			buildSettings = {
				ASSETCATALOG_COMPILER_APPICON_NAME = AppIcon;
				INFOPLIST_FILE = dynamicScrollView/Info.plist;
				LD_RUNPATH_SEARCH_PATHS = "$(inherited) @executable_path/Frameworks";
				PRODUCT_BUNDLE_IDENTIFIER = com.test.dynamicScrollView;
				PRODUCT_NAME = "$(TARGET_NAME)";
				SWIFT_VERSION = 3.0;
			};
			name = Release;
		};
/* End XCBuildConfiguration section */

/* Begin XCConfigurationList section */
		1B19617D1E2781C50000E39C /* Build configuration list for PBXProject "dynamicScrollView" */ = {
			isa = XCConfigurationList;
			buildConfigurations = (
				1B1961921E2781C50000E39C /* Debug */,
				1B1961931E2781C50000E39C /* Release */,
			);
			defaultConfigurationIsVisible = 0;
			defaultConfigurationName = Release;
		};
		1B1961941E2781C50000E39C /* Build configuration list for PBXNativeTarget "dynamicScrollView" */ = {
			isa = XCConfigurationList;
			buildConfigurations = (
				1B1961951E2781C50000E39C /* Debug */,
				1B1961961E2781C50000E39C /* Release */,
			);
			defaultConfigurationIsVisible = 0;
		};
/* End XCConfigurationList section */
	};
	rootObject = 1B19617A1E2781C50000E39C /* Project object */;
}
